Microsoft Visual Studio Solution File, Format Version 12.00
# Visual Studio Version 17
VisualStudioVersion = 17.0.31903.59
MinimumVisualStudioVersion = 10.0.40219.1
Project("{FAE04EC0-301F-11D3-BF4B-00C04F79EFBC}") = "KKSAnalyzer.Core", "src\KKSAnalyzer.Core\KKSAnalyzer.Core.csproj", "{43E87890-C87E-453A-A7D7-30F04C2F877A}"
EndProject
Project("{FAE04EC0-301F-11D3-BF4B-00C04F79EFBC}") = "KKSAnalyzer.App", "src\KKSAnalyzer.App\KKSAnalyzer.App.csproj", "{EA81925F-24A3-4FC0-A784-A311670CD685}"
EndProject
Project("{FAE04EC0-301F-11D3-BF4B-00C04F79EFBC}") = "KKSAnalyzer.Tests", "tests\KKSAnalyzer.Tests\KKSAnalyzer.Tests.csproj", "{87A7E8DD-4B33-44AE-A6C3-8343786AA0F3}"
EndProject
Global
	GlobalSection(SolutionConfigurationPlatforms) = preSolution
		Debug|Any CPU = Debug|Any CPU
		Release|Any CPU = Release|Any CPU
	EndGlobalSection
	GlobalSection(ProjectConfigurationPlatforms) = postSolution
		{43E87890-C87E-453A-A7D7-30F04C2F877A}.Debug|Any CPU.ActiveCfg = Debug|Any CPU
		{43E87890-C87E-453A-A7D7-30F04C2F877A}.Debug|Any CPU.Build.0 = Debug|Any CPU
		{43E87890-C87E-453A-A7D7-30F04C2F877A}.Release|Any CPU.ActiveCfg = Release|Any CPU
		{43E87890-C87E-453A-A7D7-30F04C2F877A}.Release|Any CPU.Build.0 = Release|Any CPU
		{EA81925F-24A3-4FC0-A784-A311670CD685}.Debug|Any CPU.ActiveCfg = Debug|Any CPU
		{EA81925F-24A3-4FC0-A784-A311670CD685}.Debug|Any CPU.Build.0 = Debug|Any CPU
		{EA81925F-24A3-4FC0-A784-A311670CD685}.Release|Any CPU.ActiveCfg = Release|Any CPU
		{EA81925F-24A3-4FC0-A784-A311670CD685}.Release|Any CPU.Build.0 = Release|Any CPU
		{87A7E8DD-4B33-44AE-A6C3-8343786AA0F3}.Debug|Any CPU.ActiveCfg = Debug|Any CPU
		{87A7E8DD-4B33-44AE-A6C3-8343786AA0F3}.Debug|Any CPU.Build.0 = Debug|Any CPU
		{87A7E8DD-4B33-44AE-A6C3-8343786AA0F3}.Release|Any CPU.ActiveCfg = Release|Any CPU
		{87A7E8DD-4B33-44AE-A6C3-8343786AA0F3}.Release|Any CPU.Build.0 = Release|Any CPU
	EndGlobalSection
EndGlobal
